
Microsoft Visual Studio Solution File, Format Version 12.00
# Visual Studio 15
VisualStudioVersion = 15.0.28307.779
MinimumVisualStudioVersion = 10.0.40219.1
Project("{8BC9CEB8-8B4A-11D0-8D11-00A0C91BC942}") = "VS_lab1", "VS_lab1\VS_lab1.vcxproj", "{543333F5-CC59-495E-B6F1-EE92FEA5B8CF}"
EndProject
Global
	GlobalSection(SolutionConfigurationPlatforms) = preSolution
		Debug|x64 = Debug|x64
		Debug|x86 = Debug|x86
		Release|x64 = Release|x64
		Release|x86 = Release|x86
	EndGlobalSection
	GlobalSection(ProjectConfigurationPlatforms) = postSolution
		{543333F5-CC59-495E-B6F1-EE92FEA5B8CF}.Debug|x64.ActiveCfg = Debug|x64
		{543333F5-CC59-495E-B6F1-EE92FEA5B8CF}.Debug|x64.Build.0 = Debug|x64
		{543333F5-CC59-495E-B6F1-EE92FEA5B8CF}.Debug|x86.ActiveCfg = Debug|Win32
		{543333F5-CC59-495E-B6F1-EE92FEA5B8CF}.Debug|x86.Build.0 = Debug|Win32
		{543333F5-CC59-495E-B6F1-EE92FEA5B8CF}.Release|x64.ActiveCfg = Release|x64
		{543333F5-CC59-495E-B6F1-EE92FEA5B8CF}.Release|x64.Build.0 = Release|x64
		{543333F5-CC59-495E-B6F1-EE92FEA5B8CF}.Release|x86.ActiveCfg = Release|Win32
		{543333F5-CC59-495E-B6F1-EE92FEA5B8CF}.Release|x86.Build.0 = Release|Win32
	EndGlobalSection
	GlobalSection(SolutionProperties) = preSolution
		HideSolutionNode = FALSE
	EndGlobalSection
	GlobalSection(ExtensibilityGlobals) = postSolution
		SolutionGuid = {9D957FE0-F377-4824-977B-C4CAEF03348F}
	EndGlobalSection
EndGlobal
