
Microsoft Visual Studio Solution File, Format Version 12.00
# Visual Studio 15
VisualStudioVersion = 15.0.28307.902
MinimumVisualStudioVersion = 10.0.40219.1
Project("{8BC9CEB8-8B4A-11D0-8D11-00A0C91BC942}") = "lab3", "lab3\lab3.vcxproj", "{2C711B34-9132-4A2E-BBBE-B02DC2364CED}"
EndProject
Global
	GlobalSection(SolutionConfigurationPlatforms) = preSolution
		Debug|x64 = Debug|x64
		Debug|x86 = Debug|x86
		Release|x64 = Release|x64
		Release|x86 = Release|x86
	EndGlobalSection
	GlobalSection(ProjectConfigurationPlatforms) = postSolution
		{2C711B34-9132-4A2E-BBBE-B02DC2364CED}.Debug|x64.ActiveCfg = Debug|x64
		{2C711B34-9132-4A2E-BBBE-B02DC2364CED}.Debug|x64.Build.0 = Debug|x64
		{2C711B34-9132-4A2E-BBBE-B02DC2364CED}.Debug|x86.ActiveCfg = Debug|Win32
		{2C711B34-9132-4A2E-BBBE-B02DC2364CED}.Debug|x86.Build.0 = Debug|Win32
		{2C711B34-9132-4A2E-BBBE-B02DC2364CED}.Release|x64.ActiveCfg = Release|x64
		{2C711B34-9132-4A2E-BBBE-B02DC2364CED}.Release|x64.Build.0 = Release|x64
		{2C711B34-9132-4A2E-BBBE-B02DC2364CED}.Release|x86.ActiveCfg = Release|Win32
		{2C711B34-9132-4A2E-BBBE-B02DC2364CED}.Release|x86.Build.0 = Release|Win32
	EndGlobalSection
	GlobalSection(SolutionProperties) = preSolution
		HideSolutionNode = FALSE
	EndGlobalSection
	GlobalSection(ExtensibilityGlobals) = postSolution
		SolutionGuid = {379C5D6B-739A-4393-9286-E8F467AA3DB2}
	EndGlobalSection
EndGlobal
